// !$*UTF8*$!
{
	archiveVersion = 1;
	classes = {
	};
	objectVersion = 46;
	objects = {

/* Begin PBXBuildFile section */
		83CD3CC71B7ECC3E0052241B /* AppDelegate.swift in Sources */ = {isa = PBXBuildFile; fileRef = 83CD3CC61B7ECC3E0052241B /* AppDelegate.swift */; };
		83CD3CCC1B7ECC3E0052241B /* Main.storyboard in Resources */ = {isa = PBXBuildFile; fileRef = 83CD3CCA1B7ECC3E0052241B /* Main.storyboard */; };
		83CD3CCE1B7ECC3E0052241B /* Images.xcassets in Resources */ = {isa = PBXBuildFile; fileRef = 83CD3CCD1B7ECC3E0052241B /* Images.xcassets */; };
		83CD3CD11B7ECC3E0052241B /* LaunchScreen.xib in Resources */ = {isa = PBXBuildFile; fileRef = 83CD3CCF1B7ECC3E0052241B /* LaunchScreen.xib */; };
		83CD3CDD1B7ECC3E0052241B /* randomNumberGenTests.swift in Sources */ = {isa = PBXBuildFile; fileRef = 83CD3CDC1B7ECC3E0052241B /* randomNumberGenTests.swift */; };
		83CD3CE71B7ECE240052241B /* RandomGeneractorViewController.swift in Sources */ = {isa = PBXBuildFile; fileRef = 83CD3CE61B7ECE240052241B /* RandomGeneractorViewController.swift */; };
/* End PBXBuildFile section */

/* Begin PBXContainerItemProxy section */
		83CD3CD71B7ECC3E0052241B /* PBXContainerItemProxy */ = {
			isa = PBXContainerItemProxy;
			containerPortal = 83CD3CB91B7ECC3E0052241B /* Project object */;
			proxyType = 1;
			remoteGlobalIDString = 83CD3CC01B7ECC3E0052241B;
			remoteInfo = randomNumberGen;
		};
/* End PBXContainerItemProxy section */

/* Begin PBXFileReference section */
		83CD3CC11B7ECC3E0052241B /* randomNumberGen.app */ = {isa = PBXFileReference; explicitFileType = wrapper.application; includeInIndex = 0; path = randomNumberGen.app; sourceTree = BUILT_PRODUCTS_DIR; };
		83CD3CC51B7ECC3E0052241B /* Info.plist */ = {isa = PBXFileReference; lastKnownFileType = text.plist.xml; path = Info.plist; sourceTree = "<group>"; };
		83CD3CC61B7ECC3E0052241B /* AppDelegate.swift */ = {isa = PBXFileReference; lastKnownFileType = sourcecode.swift; path = AppDelegate.swift; sourceTree = "<group>"; };
		83CD3CCB1B7ECC3E0052241B /* Base */ = {isa = PBXFileReference; lastKnownFileType = file.storyboard; name = Base; path = Base.lproj/Main.storyboard; sourceTree = "<group>"; };
		83CD3CCD1B7ECC3E0052241B /* Images.xcassets */ = {isa = PBXFileReference; lastKnownFileType = folder.assetcatalog; path = Images.xcassets; sourceTree = "<group>"; };
		83CD3CD01B7ECC3E0052241B /* Base */ = {isa = PBXFileReference; lastKnownFileType = file.xib; name = Base; path = Base.lproj/LaunchScreen.xib; sourceTree = "<group>"; };
		83CD3CD61B7ECC3E0052241B /* randomNumberGenTests.xctest */ = {isa = PBXFileReference; explicitFileType = wrapper.cfbundle; includeInIndex = 0; path = randomNumberGenTests.xctest; sourceTree = BUILT_PRODUCTS_DIR; };
		83CD3CDB1B7ECC3E0052241B /* Info.plist */ = {isa = PBXFileReference; lastKnownFileType = text.plist.xml; path = Info.plist; sourceTree = "<group>"; };
		83CD3CDC1B7ECC3E0052241B /* randomNumberGenTests.swift */ = {isa = PBXFileReference; lastKnownFileType = sourcecode.swift; path = randomNumberGenTests.swift; sourceTree = "<group>"; };
		83CD3CE61B7ECE240052241B /* RandomGeneractorViewController.swift */ = {isa = PBXFileReference; fileEncoding = 4; lastKnownFileType = sourcecode.swift; path = RandomGeneractorViewController.swift; sourceTree = "<group>"; };
/* End PBXFileReference section */

/* Begin PBXFrameworksBuildPhase section */
		83CD3CBE1B7ECC3E0052241B /* Frameworks */ = {
			isa = PBXFrameworksBuildPhase;
			buildActionMask = 2147483647;
			files = (
			);
			runOnlyForDeploymentPostprocessing = 0;
		};
		83CD3CD31B7ECC3E0052241B /* Frameworks */ = {
			isa = PBXFrameworksBuildPhase;
			buildActionMask = 2147483647;
			files = (
			);
			runOnlyForDeploymentPostprocessing = 0;
		};
/* End PBXFrameworksBuildPhase section */

/* Begin PBXGroup section */
		83CD3CB81B7ECC3E0052241B = {
			isa = PBXGroup;
			children = (
				83CD3CC31B7ECC3E0052241B /* randomNumberGen */,
				83CD3CD91B7ECC3E0052241B /* randomNumberGenTests */,
				83CD3CC21B7ECC3E0052241B /* Products */,
			);
			sourceTree = "<group>";
		};
		83CD3CC21B7ECC3E0052241B /* Products */ = {
			isa = PBXGroup;
			children = (
				83CD3CC11B7ECC3E0052241B /* randomNumberGen.app */,
				83CD3CD61B7ECC3E0052241B /* randomNumberGenTests.xctest */,
			);
			name = Products;
			sourceTree = "<group>";
		};
		83CD3CC31B7ECC3E0052241B /* randomNumberGen */ = {
			isa = PBXGroup;
			children = (
				83CD3CCA1B7ECC3E0052241B /* Main.storyboard */,
				83CD3CE61B7ECE240052241B /* RandomGeneractorViewController.swift */,
				83CD3CCD1B7ECC3E0052241B /* Images.xcassets */,
				83CD3CCF1B7ECC3E0052241B /* LaunchScreen.xib */,
				83CD3CC41B7ECC3E0052241B /* Supporting Files */,
			);
			path = randomNumberGen;
			sourceTree = "<group>";
		};
		83CD3CC41B7ECC3E0052241B /* Supporting Files */ = {
			isa = PBXGroup;
			children = (
				83CD3CC61B7ECC3E0052241B /* AppDelegate.swift */,
				83CD3CC51B7ECC3E0052241B /* Info.plist */,
			);
			name = "Supporting Files";
			sourceTree = "<group>";
		};
		83CD3CD91B7ECC3E0052241B /* randomNumberGenTests */ = {
			isa = PBXGroup;
			children = (
				83CD3CDC1B7ECC3E0052241B /* randomNumberGenTests.swift */,
				83CD3CDA1B7ECC3E0052241B /* Supporting Files */,
			);
			path = randomNumberGenTests;
			sourceTree = "<group>";
		};
		83CD3CDA1B7ECC3E0052241B /* Supporting Files */ = {
			isa = PBXGroup;
			children = (
				83CD3CDB1B7ECC3E0052241B /* Info.plist */,
			);
			name = "Supporting Files";
			sourceTree = "<group>";
		};
/* End PBXGroup section */

/* Begin PBXNativeTarget section */
		83CD3CC01B7ECC3E0052241B /* randomNumberGen */ = {
			isa = PBXNativeTarget;
			buildConfigurationList = 83CD3CE01B7ECC3E0052241B /* Build configuration list for PBXNativeTarget "randomNumberGen" */;
			buildPhases = (
				83CD3CBD1B7ECC3E0052241B /* Sources */,
				83CD3CBE1B7ECC3E0052241B /* Frameworks */,
				83CD3CBF1B7ECC3E0052241B /* Resources */,
			);
			buildRules = (
			);
			dependencies = (
			);
			name = randomNumberGen;
			productName = randomNumberGen;
			productReference = 83CD3CC11B7ECC3E0052241B /* randomNumberGen.app */;
			productType = "com.apple.product-type.application";
		};
		83CD3CD51B7ECC3E0052241B /* randomNumberGenTests */ = {
			isa = PBXNativeTarget;
			buildConfigurationList = 83CD3CE31B7ECC3E0052241B /* Build configuration list for PBXNativeTarget "randomNumberGenTests" */;
			buildPhases = (
				83CD3CD21B7ECC3E0052241B /* Sources */,
				83CD3CD31B7ECC3E0052241B /* Frameworks */,
				83CD3CD41B7ECC3E0052241B /* Resources */,
			);
			buildRules = (
			);
			dependencies = (
				83CD3CD81B7ECC3E0052241B /* PBXTargetDependency */,
			);
			name = randomNumberGenTests;
			productName = randomNumberGenTests;
			productReference = 83CD3CD61B7ECC3E0052241B /* randomNumberGenTests.xctest */;
			productType = "com.apple.product-type.bundle.unit-test";
		};
/* End PBXNativeTarget section */

/* Begin PBXProject section */
		83CD3CB91B7ECC3E0052241B /* Project object */ = {
			isa = PBXProject;
			attributes = {
				LastUpgradeCheck = 0640;
				ORGANIZATIONNAME = "Jianxing Zhang";
				TargetAttributes = {
					83CD3CC01B7ECC3E0052241B = {
						CreatedOnToolsVersion = 6.4;
					};
					83CD3CD51B7ECC3E0052241B = {
						CreatedOnToolsVersion = 6.4;
						TestTargetID = 83CD3CC01B7ECC3E0052241B;
					};
				};
			};
			buildConfigurationList = 83CD3CBC1B7ECC3E0052241B /* Build configuration list for PBXProject "randomNumberGen" */;
			compatibilityVersion = "Xcode 3.2";
			developmentRegion = English;
			hasScannedForEncodings = 0;
			knownRegions = (
				en,
				Base,
			);
			mainGroup = 83CD3CB81B7ECC3E0052241B;
			productRefGroup = 83CD3CC21B7ECC3E0052241B /* Products */;
			projectDirPath = "";
			projectRoot = "";
			targets = (
				83CD3CC01B7ECC3E0052241B /* randomNumberGen */,
				83CD3CD51B7ECC3E0052241B /* randomNumberGenTests */,
			);
		};
/* End PBXProject section */

/* Begin PBXResourcesBuildPhase section */
		83CD3CBF1B7ECC3E0052241B /* Resources */ = {
			isa = PBXResourcesBuildPhase;
			buildActionMask = 2147483647;
			files = (
				83CD3CCC1B7ECC3E0052241B /* Main.storyboard in Resources */,
				83CD3CD11B7ECC3E0052241B /* LaunchScreen.xib in Resources */,
				83CD3CCE1B7ECC3E0052241B /* Images.xcassets in Resources */,
			);
			runOnlyForDeploymentPostprocessing = 0;
		};
		83CD3CD41B7ECC3E0052241B /* Resources */ = {
			isa = PBXResourcesBuildPhase;
			buildActionMask = 2147483647;
			files = (
			);
			runOnlyForDeploymentPostprocessing = 0;
		};
/* End PBXResourcesBuildPhase section */

/* Begin PBXSourcesBuildPhase section */
		83CD3CBD1B7ECC3E0052241B /* Sources */ = {
			isa = PBXSourcesBuildPhase;
			buildActionMask = 2147483647;
			files = (
				83CD3CC71B7ECC3E0052241B /* AppDelegate.swift in Sources */,
				83CD3CE71B7ECE240052241B /* RandomGeneractorViewController.swift in Sources */,
			);
			runOnlyForDeploymentPostprocessing = 0;
		};
		83CD3CD21B7ECC3E0052241B /* Sources */ = {
			isa = PBXSourcesBuildPhase;
			buildActionMask = 2147483647;
			files = (
				83CD3CDD1B7ECC3E0052241B /* randomNumberGenTests.swift in Sources */,
			);
			runOnlyForDeploymentPostprocessing = 0;
		};
/* End PBXSourcesBuildPhase section */

/* Begin PBXTargetDependency section */
		83CD3CD81B7ECC3E0052241B /* PBXTargetDependency */ = {
			isa = PBXTargetDependency;
			target = 83CD3CC01B7ECC3E0052241B /* randomNumberGen */;
			targetProxy = 83CD3CD71B7ECC3E0052241B /* PBXContainerItemProxy */;
		};
/* End PBXTargetDependency section */

/* Begin PBXVariantGroup section */
		83CD3CCA1B7ECC3E0052241B /* Main.storyboard */ = {
			isa = PBXVariantGroup;
			children = (
				83CD3CCB1B7ECC3E0052241B /* Base */,
			);
			name = Main.storyboard;
			sourceTree = "<group>";
		};
		83CD3CCF1B7ECC3E0052241B /* LaunchScreen.xib */ = {
			isa = PBXVariantGroup;
			children = (
				83CD3CD01B7ECC3E0052241B /* Base */,
			);
			name = LaunchScreen.xib;
			sourceTree = "<group>";
		};
/* End PBXVariantGroup section */

/* Begin XCBuildConfiguration section */
		83CD3CDE1B7ECC3E0052241B /* Debug */ = {
			isa = XCBuildConfiguration;
			buildSettings = {
				ALWAYS_SEARCH_USER_PATHS = NO;
				CLANG_CXX_LANGUAGE_STANDARD = "gnu++0x";
				CLANG_CXX_LIBRARY = "libc++";
				CLANG_ENABLE_MODULES = YES;
				CLANG_ENABLE_OBJC_ARC = YES;
				CLANG_WARN_BOOL_CONVERSION = YES;
				CLANG_WARN_CONSTANT_CONVERSION = YES;
				CLANG_WARN_DIRECT_OBJC_ISA_USAGE = YES_ERROR;
				CLANG_WARN_EMPTY_BODY = YES;
				CLANG_WARN_ENUM_CONVERSION = YES;
				CLANG_WARN_INT_CONVERSION = YES;
				CLANG_WARN_OBJC_ROOT_CLASS = YES_ERROR;
				CLANG_WARN_UNREACHABLE_CODE = YES;
				CLANG_WARN__DUPLICATE_METHOD_MATCH = YES;
				"CODE_SIGN_IDENTITY[sdk=iphoneos*]" = "iPhone Developer";
				COPY_PHASE_STRIP = NO;
				DEBUG_INFORMATION_FORMAT = "dwarf-with-dsym";
				ENABLE_STRICT_OBJC_MSGSEND = YES;
				GCC_C_LANGUAGE_STANDARD = gnu99;
				GCC_DYNAMIC_NO_PIC = NO;
				GCC_NO_COMMON_BLOCKS = YES;
				GCC_OPTIMIZATION_LEVEL = 0;
				GCC_PREPROCESSOR_DEFINITIONS = (
					"DEBUG=1",
					"$(inherited)",
				);
				GCC_SYMBOLS_PRIVATE_EXTERN = NO;
				GCC_WARN_64_TO_32_BIT_CONVERSION = YES;
				GCC_WARN_ABOUT_RETURN_TYPE = YES_ERROR;
				GCC_WARN_UNDECLARED_SELECTOR = YES;
				GCC_WARN_UNINITIALIZED_AUTOS = YES_AGGRESSIVE;
				GCC_WARN_UNUSED_FUNCTION = YES;
				GCC_WARN_UNUSED_VARIABLE = YES;
				IPHONEOS_DEPLOYMENT_TARGET = 8.4;
				MTL_ENABLE_DEBUG_INFO = YES;
				ONLY_ACTIVE_ARCH = YES;
				SDKROOT = iphoneos;
				SWIFT_OPTIMIZATION_LEVEL = "-Onone";
			};
			name = Debug;
		};
		83CD3CDF1B7ECC3E0052241B /* Release */ = {
			isa = XCBuildConfiguration;
			buildSettings = {
				ALWAYS_SEARCH_USER_PATHS = NO;
				CLANG_CXX_LANGUAGE_STANDARD = "gnu++0x";
				CLANG_CXX_LIBRARY = "libc++";
				CLANG_ENABLE_MODULES = YES;
				CLANG_ENABLE_OBJC_ARC = YES;
				CLANG_WARN_BOOL_CONVERSION = YES;
				CLANG_WARN_CONSTANT_CONVERSION = YES;
				CLANG_WARN_DIRECT_OBJC_ISA_USAGE = YES_ERROR;
				CLANG_WARN_EMPTY_BODY = YES;
				CLANG_WARN_ENUM_CONVERSION = YES;
				CLANG_WARN_INT_CONVERSION = YES;
				CLANG_WARN_OBJC_ROOT_CLASS = YES_ERROR;
				CLANG_WARN_UNREACHABLE_CODE = YES;
				CLANG_WARN__DUPLICATE_METHOD_MATCH = YES;
				"CODE_SIGN_IDENTITY[sdk=iphoneos*]" = "iPhone Developer";
				COPY_PHASE_STRIP = NO;
				DEBUG_INFORMATION_FORMAT = "dwarf-with-dsym";
				ENABLE_NS_ASSERTIONS = NO;
				ENABLE_STRICT_OBJC_MSGSEND = YES;
				GCC_C_LANGUAGE_STANDARD = gnu99;
				GCC_NO_COMMON_BLOCKS = YES;
				GCC_WARN_64_TO_32_BIT_CONVERSION = YES;
				GCC_WARN_ABOUT_RETURN_TYPE = YES_ERROR;
				GCC_WARN_UNDECLARED_SELECTOR = YES;
				GCC_WARN_UNINITIALIZED_AUTOS = YES_AGGRESSIVE;
				GCC_WARN_UNUSED_FUNCTION = YES;
				GCC_WARN_UNUSED_VARIABLE = YES;
				IPHONEOS_DEPLOYMENT_TARGET = 8.4;
				MTL_ENABLE_DEBUG_INFO = NO;
				SDKROOT = iphoneos;
				VALIDATE_PRODUCT = YES;
			};
			name = Release;
		};
		83CD3CE11B7ECC3E0052241B /* Debug */ = {
			isa = XCBuildConfiguration;
			buildSettings = {
				ASSETCATALOG_COMPILER_APPICON_NAME = AppIcon;
				INFOPLIST_FILE = randomNumberGen/Info.plist;
				IPHONEOS_DEPLOYMENT_TARGET = 8.0;
				LD_RUNPATH_SEARCH_PATHS = "$(inherited) @executable_path/Frameworks";
				PRODUCT_NAME = "$(TARGET_NAME)";
			};
			name = Debug;
		};
		83CD3CE21B7ECC3E0052241B /* Release */ = {
			isa = XCBuildConfiguration;
			buildSettings = {
				ASSETCATALOG_COMPILER_APPICON_NAME = AppIcon;
				INFOPLIST_FILE = randomNumberGen/Info.plist;
				IPHONEOS_DEPLOYMENT_TARGET = 8.0;
				LD_RUNPATH_SEARCH_PATHS = "$(inherited) @executable_path/Frameworks";
				PRODUCT_NAME = "$(TARGET_NAME)";
			};
			name = Release;
		};
		83CD3CE41B7ECC3E0052241B /* Debug */ = {
			isa = XCBuildConfiguration;
			buildSettings = {
				BUNDLE_LOADER = "$(TEST_HOST)";
				FRAMEWORK_SEARCH_PATHS = (
					"$(SDKROOT)/Developer/Library/Frameworks",
					"$(inherited)",
				);
				GCC_PREPROCESSOR_DEFINITIONS = (
					"DEBUG=1",
					"$(inherited)",
				);
				INFOPLIST_FILE = randomNumberGenTests/Info.plist;
				LD_RUNPATH_SEARCH_PATHS = "$(inherited) @executable_path/Frameworks @loader_path/Frameworks";
				PRODUCT_NAME = "$(TARGET_NAME)";
				TEST_HOST = "$(BUILT_PRODUCTS_DIR)/randomNumberGen.app/randomNumberGen";
			};
			name = Debug;
		};
		83CD3CE51B7ECC3E0052241B /* Release */ = {
			isa = XCBuildConfiguration;
			buildSettings = {
				BUNDLE_LOADER = "$(TEST_HOST)";
				FRAMEWORK_SEARCH_PATHS = (
					"$(SDKROOT)/Developer/Library/Frameworks",
					"$(inherited)",
				);
				INFOPLIST_FILE = randomNumberGenTests/Info.plist;
				LD_RUNPATH_SEARCH_PATHS = "$(inherited) @executable_path/Frameworks @loader_path/Frameworks";
				PRODUCT_NAME = "$(TARGET_NAME)";
				TEST_HOST = "$(BUILT_PRODUCTS_DIR)/randomNumberGen.app/randomNumberGen";
			};
			name = Release;
		};
/* End XCBuildConfiguration section */

/* Begin XCConfigurationList section */
		83CD3CBC1B7ECC3E0052241B /* Build configuration list for PBXProject "randomNumberGen" */ = {
			isa = XCConfigurationList;
			buildConfigurations = (
				83CD3CDE1B7ECC3E0052241B /* Debug */,
				83CD3CDF1B7ECC3E0052241B /* Release */,
			);
			defaultConfigurationIsVisible = 0;
			defaultConfigurationName = Release;
		};
		83CD3CE01B7ECC3E0052241B /* Build configuration list for PBXNativeTarget "randomNumberGen" */ = {
			isa = XCConfigurationList;
			buildConfigurations = (
				83CD3CE11B7ECC3E0052241B /* Debug */,
				83CD3CE21B7ECC3E0052241B /* Release */,
			);
			defaultConfigurationIsVisible = 0;
			defaultConfigurationName = Release;
		};
		83CD3CE31B7ECC3E0052241B /* Build configuration list for PBXNativeTarget "randomNumberGenTests" */ = {
			isa = XCConfigurationList;
			buildConfigurations = (
				83CD3CE41B7ECC3E0052241B /* Debug */,
				83CD3CE51B7ECC3E0052241B /* Release */,
			);
			defaultConfigurationIsVisible = 0;
			defaultConfigurationName = Release;
		};
/* End XCConfigurationList section */
	};
	rootObject = 83CD3CB91B7ECC3E0052241B /* Project object */;
}
